
Microsoft Visual Studio Solution File, Format Version 12.00
# Visual Studio Version 16
VisualStudioVersion = 16.0.29324.140
MinimumVisualStudioVersion = 10.0.40219.1
Project("{FAE04EC0-301F-11D3-BF4B-00C04F79EFBC}") = "Camera", "Camera\Camera.csproj", "{D29BD2B3-9084-4226-8F53-90128A456257}"
EndProject
Project("{FAE04EC0-301F-11D3-BF4B-00C04F79EFBC}") = "CameraDemo", "CameraDemo\CameraDemo.csproj", "{98BA395A-D240-41F0-A137-54854A7F9BDE}"
EndProject
Project("{FAE04EC0-301F-11D3-BF4B-00C04F79EFBC}") = "ImageProcessToolkit", "..\GitHub\ImageProcessToolkit\ImageProcessToolkit\ImageProcessToolkit.csproj", "{27C8E4B7-ED59-43AD-859F-2C8363A58034}"
EndProject
Global
	GlobalSection(SolutionConfigurationPlatforms) = preSolution
		Debug|Any CPU = Debug|Any CPU
		Debug|x64 = Debug|x64
		Debug|x86 = Debug|x86
		Release|Any CPU = Release|Any CPU
		Release|x64 = Release|x64
		Release|x86 = Release|x86
	EndGlobalSection
	GlobalSection(ProjectConfigurationPlatforms) = postSolution
		{D29BD2B3-9084-4226-8F53-90128A456257}.Debug|Any CPU.ActiveCfg = Debug|Any CPU
		{D29BD2B3-9084-4226-8F53-90128A456257}.Debug|Any CPU.Build.0 = Debug|Any CPU
		{D29BD2B3-9084-4226-8F53-90128A456257}.Debug|x64.ActiveCfg = Debug|x64
		{D29BD2B3-9084-4226-8F53-90128A456257}.Debug|x64.Build.0 = Debug|x64
		{D29BD2B3-9084-4226-8F53-90128A456257}.Debug|x86.ActiveCfg = Debug|x86
		{D29BD2B3-9084-4226-8F53-90128A456257}.Debug|x86.Build.0 = Debug|x86
		{D29BD2B3-9084-4226-8F53-90128A456257}.Release|Any CPU.ActiveCfg = Release|Any CPU
		{D29BD2B3-9084-4226-8F53-90128A456257}.Release|Any CPU.Build.0 = Release|Any CPU
		{D29BD2B3-9084-4226-8F53-90128A456257}.Release|x64.ActiveCfg = Release|x64
		{D29BD2B3-9084-4226-8F53-90128A456257}.Release|x64.Build.0 = Release|x64
		{D29BD2B3-9084-4226-8F53-90128A456257}.Release|x86.ActiveCfg = Release|x86
		{D29BD2B3-9084-4226-8F53-90128A456257}.Release|x86.Build.0 = Release|x86
		{98BA395A-D240-41F0-A137-54854A7F9BDE}.Debug|Any CPU.ActiveCfg = Debug|Any CPU
		{98BA395A-D240-41F0-A137-54854A7F9BDE}.Debug|Any CPU.Build.0 = Debug|Any CPU
		{98BA395A-D240-41F0-A137-54854A7F9BDE}.Debug|x64.ActiveCfg = Debug|x64
		{98BA395A-D240-41F0-A137-54854A7F9BDE}.Debug|x64.Build.0 = Debug|x64
		{98BA395A-D240-41F0-A137-54854A7F9BDE}.Debug|x86.ActiveCfg = Debug|x86
		{98BA395A-D240-41F0-A137-54854A7F9BDE}.Debug|x86.Build.0 = Debug|x86
		{98BA395A-D240-41F0-A137-54854A7F9BDE}.Release|Any CPU.ActiveCfg = Release|Any CPU
		{98BA395A-D240-41F0-A137-54854A7F9BDE}.Release|Any CPU.Build.0 = Release|Any CPU
		{98BA395A-D240-41F0-A137-54854A7F9BDE}.Release|x64.ActiveCfg = Release|x64
		{98BA395A-D240-41F0-A137-54854A7F9BDE}.Release|x64.Build.0 = Release|x64
		{98BA395A-D240-41F0-A137-54854A7F9BDE}.Release|x86.ActiveCfg = Release|x86
		{98BA395A-D240-41F0-A137-54854A7F9BDE}.Release|x86.Build.0 = Release|x86
		{27C8E4B7-ED59-43AD-859F-2C8363A58034}.Debug|Any CPU.ActiveCfg = Debug|Any CPU
		{27C8E4B7-ED59-43AD-859F-2C8363A58034}.Debug|Any CPU.Build.0 = Debug|Any CPU
		{27C8E4B7-ED59-43AD-859F-2C8363A58034}.Debug|x64.ActiveCfg = Debug|x64
		{27C8E4B7-ED59-43AD-859F-2C8363A58034}.Debug|x64.Build.0 = Debug|x64
		{27C8E4B7-ED59-43AD-859F-2C8363A58034}.Debug|x86.ActiveCfg = Debug|Any CPU
		{27C8E4B7-ED59-43AD-859F-2C8363A58034}.Debug|x86.Build.0 = Debug|Any CPU
		{27C8E4B7-ED59-43AD-859F-2C8363A58034}.Release|Any CPU.ActiveCfg = Release|Any CPU
		{27C8E4B7-ED59-43AD-859F-2C8363A58034}.Release|Any CPU.Build.0 = Release|Any CPU
		{27C8E4B7-ED59-43AD-859F-2C8363A58034}.Release|x64.ActiveCfg = Release|x64
		{27C8E4B7-ED59-43AD-859F-2C8363A58034}.Release|x64.Build.0 = Release|x64
		{27C8E4B7-ED59-43AD-859F-2C8363A58034}.Release|x86.ActiveCfg = Release|Any CPU
		{27C8E4B7-ED59-43AD-859F-2C8363A58034}.Release|x86.Build.0 = Release|Any CPU
	EndGlobalSection
	GlobalSection(SolutionProperties) = preSolution
		HideSolutionNode = FALSE
	EndGlobalSection
	GlobalSection(ExtensibilityGlobals) = postSolution
		SolutionGuid = {9C809EAB-AA42-42FA-9C27-D234F27B5325}
	EndGlobalSection
EndGlobal
